
Microsoft Visual Studio Solution File, Format Version 12.00
# Visual Studio Version 16
VisualStudioVersion = 16.0.32106.194
MinimumVisualStudioVersion = 10.0.40219.1
Project("{FAE04EC0-301F-11D3-BF4B-00C04F79EFBC}") = "EmployeeData_CRUD_App", "EmployeeData_CRUD_App\EmployeeData_CRUD_App.csproj", "{CCC5972D-AB09-4E90-BAC9-350923D4A9A0}"
EndProject
Global
	GlobalSection(SolutionConfigurationPlatforms) = preSolution
		Debug|Any CPU = Debug|Any CPU
		Release|Any CPU = Release|Any CPU
	EndGlobalSection
	GlobalSection(ProjectConfigurationPlatforms) = postSolution
		{CCC5972D-AB09-4E90-BAC9-350923D4A9A0}.Debug|Any CPU.ActiveCfg = Debug|Any CPU
		{CCC5972D-AB09-4E90-BAC9-350923D4A9A0}.Debug|Any CPU.Build.0 = Debug|Any CPU
		{CCC5972D-AB09-4E90-BAC9-350923D4A9A0}.Release|Any CPU.ActiveCfg = Release|Any CPU
		{CCC5972D-AB09-4E90-BAC9-350923D4A9A0}.Release|Any CPU.Build.0 = Release|Any CPU
	EndGlobalSection
	GlobalSection(SolutionProperties) = preSolution
		HideSolutionNode = FALSE
	EndGlobalSection
	GlobalSection(ExtensibilityGlobals) = postSolution
		SolutionGuid = {1553C52E-A2A6-4B13-9BD2-9D9BB2E1E9C0}
	EndGlobalSection
EndGlobal
